{
  "nodes": {
    "agenix": {
      "inputs": {
        "darwin": "darwin",
        "home-manager": "home-manager",
        "nixpkgs": [
          "nixpkgs"
        ]
      },
      "locked": {
        "lastModified": 1690228878,
        "narHash": "sha256-9Xe7JV0krp4RJC9W9W9WutZVlw6BlHTFMiUP/k48LQY=",
        "owner": "ryantm",
        "repo": "agenix",
        "rev": "d8c973fd228949736dedf61b7f8cc1ece3236792",
        "type": "github"
      },
      "original": {
        "owner": "ryantm",
        "repo": "agenix",
        "type": "github"
      }
    },
    "darwin": {
      "inputs": {
        "nixpkgs": [
          "agenix",
          "nixpkgs"
        ]
      },
      "locked": {
        "lastModified": 1673295039,
        "narHash": "sha256-AsdYgE8/GPwcelGgrntlijMg4t3hLFJFCRF3tL5WVjA=",
        "owner": "lnl7",
        "repo": "nix-darwin",
        "rev": "87b9d090ad39b25b2400029c64825fc2a8868943",
        "type": "github"
      },
      "original": {
        "owner": "lnl7",
        "ref": "master",
        "repo": "nix-darwin",
        "type": "github"
      }
    },
    "flake-parts": {
      "inputs": {
        "nixpkgs-lib": [
          "nixpkgs"
        ]
      },
      "locked": {
        "lastModified": 1693611461,
        "narHash": "sha256-aPODl8vAgGQ0ZYFIRisxYG5MOGSkIczvu2Cd8Gb9+1Y=",
        "owner": "hercules-ci",
        "repo": "flake-parts",
        "rev": "7f53fdb7bdc5bb237da7fefef12d099e4fd611ca",
        "type": "github"
      },
      "original": {
        "owner": "hercules-ci",
        "repo": "flake-parts",
        "type": "github"
      }
    },
    "flake-parts_2": {
      "inputs": {
        "nixpkgs-lib": "nixpkgs-lib"
      },
      "locked": {
        "lastModified": 1693611461,
        "narHash": "sha256-aPODl8vAgGQ0ZYFIRisxYG5MOGSkIczvu2Cd8Gb9+1Y=",
        "owner": "hercules-ci",
        "repo": "flake-parts",
        "rev": "7f53fdb7bdc5bb237da7fefef12d099e4fd611ca",
        "type": "github"
      },
      "original": {
        "owner": "hercules-ci",
        "repo": "flake-parts",
        "type": "github"
      }
    },
    "flake-parts_3": {
      "inputs": {
        "nixpkgs-lib": "nixpkgs-lib_2"
      },
      "locked": {
        "lastModified": 1690933134,
        "narHash": "sha256-ab989mN63fQZBFrkk4Q8bYxQCktuHmBIBqUG1jl6/FQ=",
        "owner": "hercules-ci",
        "repo": "flake-parts",
        "rev": "59cf3f1447cfc75087e7273b04b31e689a8599fb",
        "type": "github"
      },
      "original": {
        "owner": "hercules-ci",
        "repo": "flake-parts",
        "type": "github"
      }
    },
    "google-sans-nix": {
      "inputs": {
        "flake-parts": "flake-parts_2",
        "nixpkgs": [
          "nixpkgs"
        ]
      },
      "locked": {
        "lastModified": 1694101004,
        "narHash": "sha256-DXDEI23jxmQIwehUSqyb9+btWrzJT08k3saLorzBCw0=",
        "owner": "surfaceflinger",
        "repo": "google-sans-nix",
        "rev": "ce63bac239ea9cd5fbf8599cf3b930aa0191af91",
        "type": "github"
      },
      "original": {
        "owner": "surfaceflinger",
        "repo": "google-sans-nix",
        "type": "github"
      }
    },
    "home-manager": {
      "inputs": {
        "nixpkgs": [
          "agenix",
          "nixpkgs"
        ]
      },
      "locked": {
        "lastModified": 1682203081,
        "narHash": "sha256-kRL4ejWDhi0zph/FpebFYhzqlOBrk0Pl3dzGEKSAlEw=",
        "owner": "nix-community",
        "repo": "home-manager",
        "rev": "32d3e39c491e2f91152c84f8ad8b003420eab0a1",
        "type": "github"
      },
      "original": {
        "owner": "nix-community",
        "repo": "home-manager",
        "type": "github"
      }
    },
    "home-manager_2": {
      "inputs": {
        "nixpkgs": [
          "nixpkgs"
        ]
      },
      "locked": {
        "lastModified": 1694469544,
        "narHash": "sha256-eqZng5dZnAUyb7xXyFk5z871GY/++KVv3Gyld5mVh20=",
        "owner": "nix-community",
        "repo": "home-manager",
        "rev": "5171f5ef654425e09d9c2100f856d887da595437",
        "type": "github"
      },
      "original": {
        "owner": "nix-community",
        "repo": "home-manager",
        "type": "github"
      }
    },
    "impermanence": {
      "locked": {
        "lastModified": 1690797372,
        "narHash": "sha256-GImz19e33SeVcIvBB7NnhbJSbTpFFmNtWLh7Z85Y188=",
        "owner": "nix-community",
        "repo": "impermanence",
        "rev": "e3a7acd113903269a1b5c8b527e84ce7ee859851",
        "type": "github"
      },
      "original": {
        "owner": "nix-community",
        "repo": "impermanence",
        "type": "github"
      }
    },
    "nix-index-database": {
      "inputs": {
        "nixpkgs": [
          "nixpkgs"
        ]
      },
      "locked": {
        "lastModified": 1694430658,
        "narHash": "sha256-8+OZ98kD63e/GaOiJimXHR/VYiTYwr25jTYGEHHOfq4=",
        "owner": "Mic92",
        "repo": "nix-index-database",
        "rev": "9a5c4996d0918a151269600dfdf6ad3b3748f6a4",
        "type": "github"
      },
      "original": {
        "owner": "Mic92",
        "repo": "nix-index-database",
        "type": "github"
      }
    },
    "nixos-hardware": {
      "locked": {
        "lastModified": 1694432324,
        "narHash": "sha256-bo3Gv6Cp40vAXDBPi2XiDejzp/kyz65wZg4AnEWxAcY=",
        "owner": "NixOS",
        "repo": "nixos-hardware",
        "rev": "ca41b8a227dd235b1b308217f116c7e6e84ad779",
        "type": "github"
      },
      "original": {
        "owner": "NixOS",
        "ref": "master",
        "repo": "nixos-hardware",
        "type": "github"
      }
    },
    "nixpkgs": {
      "locked": {
        "lastModified": 1694519471,
        "narHash": "sha256-M3xK6s0nD7tsxEmu37P+CE3aXZdxjec1oa6PeL9XUxc=",
        "owner": "surfaceflinger",
        "repo": "nixpkgs",
        "rev": "7a05c410a16dc91c5d103beb795b4614993e3344",
        "type": "github"
      },
      "original": {
        "owner": "surfaceflinger",
        "ref": "natpkgs",
        "repo": "nixpkgs",
        "type": "github"
      }
    },
    "nixpkgs-lib": {
      "locked": {
        "dir": "lib",
        "lastModified": 1693471703,
        "narHash": "sha256-0l03ZBL8P1P6z8MaSDS/MvuU8E75rVxe5eE1N6gxeTo=",
        "owner": "NixOS",
        "repo": "nixpkgs",
        "rev": "3e52e76b70d5508f3cec70b882a29199f4d1ee85",
        "type": "github"
      },
      "original": {
        "dir": "lib",
        "owner": "NixOS",
        "ref": "nixos-unstable",
        "repo": "nixpkgs",
        "type": "github"
      }
    },
    "nixpkgs-lib_2": {
      "locked": {
        "dir": "lib",
        "lastModified": 1690881714,
        "narHash": "sha256-h/nXluEqdiQHs1oSgkOOWF+j8gcJMWhwnZ9PFabN6q0=",
        "owner": "NixOS",
        "repo": "nixpkgs",
        "rev": "9e1960bc196baf6881340d53dccb203a951745a2",
        "type": "github"
      },
      "original": {
        "dir": "lib",
        "owner": "NixOS",
        "ref": "nixos-unstable",
        "repo": "nixpkgs",
        "type": "github"
      }
    },
    "root": {
      "inputs": {
        "agenix": "agenix",
        "flake-parts": "flake-parts",
        "google-sans-nix": "google-sans-nix",
        "home-manager": "home-manager_2",
        "impermanence": "impermanence",
        "nix-index-database": "nix-index-database",
        "nixos-hardware": "nixos-hardware",
        "nixpkgs": "nixpkgs",
        "srvos": "srvos",
        "systems": "systems",
        "treefmt-nix": "treefmt-nix",
        "xkomhotshot": "xkomhotshot"
      }
    },
    "srvos": {
      "inputs": {
        "nixpkgs": [
          "nixpkgs"
        ]
      },
      "locked": {
        "lastModified": 1694504233,
        "narHash": "sha256-LZV3CngFL79QwRKYk8WRneZeCJNWJA/qy6D1KUSsDSE=",
        "owner": "numtide",
        "repo": "srvos",
        "rev": "c5e71055157b95eb2076687fbbe824d0d8bf6ed4",
        "type": "github"
      },
      "original": {
        "owner": "numtide",
        "repo": "srvos",
        "type": "github"
      }
    },
    "systems": {
      "locked": {
        "lastModified": 1689347949,
        "narHash": "sha256-12tWmuL2zgBgZkdoB6qXZsgJEH9LR3oUgpaQq2RbI80=",
        "owner": "nix-systems",
        "repo": "default-linux",
        "rev": "31732fcf5e8fea42e59c2488ad31a0e651500f68",
        "type": "github"
      },
      "original": {
        "owner": "nix-systems",
        "repo": "default-linux",
        "type": "github"
      }
    },
    "treefmt-nix": {
      "inputs": {
        "nixpkgs": [
          "nixpkgs"
        ]
      },
      "locked": {
        "lastModified": 1693817438,
        "narHash": "sha256-fg3+n4Ky1gCzDtPm0MomMTFw0YkH05Y8ojy5t7bkfHg=",
        "owner": "numtide",
        "repo": "treefmt-nix",
        "rev": "b8d3a059f5487d6767d07c3716386753e3132d9f",
        "type": "github"
      },
      "original": {
        "owner": "numtide",
        "repo": "treefmt-nix",
        "type": "github"
      }
    },
    "xkomhotshot": {
      "inputs": {
        "flake-parts": "flake-parts_3",
        "nixpkgs": [
          "nixpkgs"
        ]
      },
      "locked": {
        "lastModified": 1693047748,
        "narHash": "sha256-oXWbbxTf9OEy3zvJlbKiIadJmTZ3PgS57B2Ju4wBSRM=",
        "owner": "surfaceflinger",
        "repo": "xkomhotshot",
        "rev": "01769de5f4b6b7393be2ca4b394aae4fd6c48905",
        "type": "github"
      },
      "original": {
        "owner": "surfaceflinger",
        "repo": "xkomhotshot",
        "type": "github"
      }
    }
  },
  "root": "root",
  "version": 7
}
